// !$*UTF8*$!
{
	archiveVersion = 1;
	classes = {
	};
	objectVersion = 46;
	objects = {

/* Begin PBXBuildFile section */
		3C20F11119C6860A00D30DC5 /* MenuView.m in Sources */ = {isa = PBXBuildFile; fileRef = 3C20F11019C6860A00D30DC5 /* MenuView.m */; };
		3CAA0A8A19C03CDB00DA138E /* Foundation.framework in Frameworks */ = {isa = PBXBuildFile; fileRef = 3CAA0A8919C03CDB00DA138E /* Foundation.framework */; };
		3CAA0ACA19C03D1B00DA138E /* EUExSlidePager.m in Sources */ = {isa = PBXBuildFile; fileRef = 3CAA0ABE19C03D1B00DA138E /* EUExSlidePager.m */; };
		3CAA0ACB19C03D1B00DA138E /* BottomScrollView.m in Sources */ = {isa = PBXBuildFile; fileRef = 3CAA0AC119C03D1B00DA138E /* BottomScrollView.m */; };
		3CAA0ACC19C03D1B00DA138E /* Golble.m in Sources */ = {isa = PBXBuildFile; fileRef = 3CAA0AC319C03D1B00DA138E /* Golble.m */; };
		3CAA0ACD19C03D1B00DA138E /* MainScrollView.m in Sources */ = {isa = PBXBuildFile; fileRef = 3CAA0AC519C03D1B00DA138E /* MainScrollView.m */; };
		3CAA0ACF19C03D1B00DA138E /* MyWebView.m in Sources */ = {isa = PBXBuildFile; fileRef = 3CAA0AC919C03D1B00DA138E /* MyWebView.m */; };
		3CAA0AD319C03D8500DA138E /* libsqlite3.dylib in Frameworks */ = {isa = PBXBuildFile; fileRef = 3CAA0AD219C03D8500DA138E /* libsqlite3.dylib */; };
		3CAA0AD519C03D8A00DA138E /* libz.dylib in Frameworks */ = {isa = PBXBuildFile; fileRef = 3CAA0AD419C03D8A00DA138E /* libz.dylib */; };
		3CAA0AD719C03D9200DA138E /* SystemConfiguration.framework in Frameworks */ = {isa = PBXBuildFile; fileRef = 3CAA0AD619C03D9200DA138E /* SystemConfiguration.framework */; };
		3CAA0AD919C03D9E00DA138E /* MobileCoreServices.framework in Frameworks */ = {isa = PBXBuildFile; fileRef = 3CAA0AD819C03D9E00DA138E /* MobileCoreServices.framework */; };
		3CAA0ADB19C03DA500DA138E /* CoreTelephony.framework in Frameworks */ = {isa = PBXBuildFile; fileRef = 3CAA0ADA19C03DA500DA138E /* CoreTelephony.framework */; };
		3CAA0ADD19C03DAC00DA138E /* MapKit.framework in Frameworks */ = {isa = PBXBuildFile; fileRef = 3CAA0ADC19C03DAC00DA138E /* MapKit.framework */; };
		3CAA0ADF19C03DB300DA138E /* AudioToolbox.framework in Frameworks */ = {isa = PBXBuildFile; fileRef = 3CAA0ADE19C03DB300DA138E /* AudioToolbox.framework */; };
		DE2C4FB41A2DB96900D5B4F2 /* libAppCanEngine_IOS.a in Frameworks */ = {isa = PBXBuildFile; fileRef = DE2C4FB31A2DB96900D5B4F2 /* libAppCanEngine_IOS.a */; };
/* End PBXBuildFile section */

/* Begin PBXCopyFilesBuildPhase section */
		3CAA0A8419C03CDB00DA138E /* CopyFiles */ = {
			isa = PBXCopyFilesBuildPhase;
			buildActionMask = 2147483647;
			dstPath = "include/$(PRODUCT_NAME)";
			dstSubfolderSpec = 16;
			files = (
			);
			runOnlyForDeploymentPostprocessing = 0;
		};
/* End PBXCopyFilesBuildPhase section */

/* Begin PBXFileReference section */
		3C20F10F19C6860A00D30DC5 /* MenuView.h */ = {isa = PBXFileReference; fileEncoding = 4; lastKnownFileType = sourcecode.c.h; path = MenuView.h; sourceTree = "<group>"; };
		3C20F11019C6860A00D30DC5 /* MenuView.m */ = {isa = PBXFileReference; fileEncoding = 4; lastKnownFileType = sourcecode.c.objc; path = MenuView.m; sourceTree = "<group>"; };
		3C80C0831A2DA11700A3D8B9 /* FileEncrypt.h */ = {isa = PBXFileReference; fileEncoding = 4; lastKnownFileType = sourcecode.c.h; path = FileEncrypt.h; sourceTree = "<group>"; };
		3CAA0A8619C03CDB00DA138E /* uexSlidePager.dylib */ = {isa = PBXFileReference; explicitFileType = "compiled.mach-o.dylib"; includeInIndex = 0; path = uexSlidePager.dylib; sourceTree = BUILT_PRODUCTS_DIR; };
		3CAA0A8919C03CDB00DA138E /* Foundation.framework */ = {isa = PBXFileReference; lastKnownFileType = wrapper.framework; name = Foundation.framework; path = System/Library/Frameworks/Foundation.framework; sourceTree = SDKROOT; };
		3CAA0AB019C03D1B00DA138E /* EUExBase.h */ = {isa = PBXFileReference; fileEncoding = 4; lastKnownFileType = sourcecode.c.h; path = EUExBase.h; sourceTree = "<group>"; };
		3CAA0AB119C03D1B00DA138E /* EUExBaseDefine.h */ = {isa = PBXFileReference; fileEncoding = 4; lastKnownFileType = sourcecode.c.h; path = EUExBaseDefine.h; sourceTree = "<group>"; };
		3CAA0AB219C03D1B00DA138E /* EUtility.h */ = {isa = PBXFileReference; fileEncoding = 4; lastKnownFileType = sourcecode.c.h; path = EUtility.h; sourceTree = "<group>"; };
		3CAA0AB419C03D1B00DA138E /* JSON.h */ = {isa = PBXFileReference; fileEncoding = 4; lastKnownFileType = sourcecode.c.h; path = JSON.h; sourceTree = "<group>"; };
		3CAA0AB519C03D1B00DA138E /* JSONParser.h */ = {isa = PBXFileReference; fileEncoding = 4; lastKnownFileType = sourcecode.c.h; path = JSONParser.h; sourceTree = "<group>"; };
		3CAA0AB619C03D1B00DA138E /* NSObject+SBJSON.h */ = {isa = PBXFileReference; fileEncoding = 4; lastKnownFileType = sourcecode.c.h; path = "NSObject+SBJSON.h"; sourceTree = "<group>"; };
		3CAA0AB719C03D1B00DA138E /* NSString+SBJSON.h */ = {isa = PBXFileReference; fileEncoding = 4; lastKnownFileType = sourcecode.c.h; path = "NSString+SBJSON.h"; sourceTree = "<group>"; };
		3CAA0AB819C03D1B00DA138E /* SBJSON.h */ = {isa = PBXFileReference; fileEncoding = 4; lastKnownFileType = sourcecode.c.h; path = SBJSON.h; sourceTree = "<group>"; };
		3CAA0AB919C03D1B00DA138E /* SBJsonBase.h */ = {isa = PBXFileReference; fileEncoding = 4; lastKnownFileType = sourcecode.c.h; path = SBJsonBase.h; sourceTree = "<group>"; };
		3CAA0ABA19C03D1B00DA138E /* SBJsonParser.h */ = {isa = PBXFileReference; fileEncoding = 4; lastKnownFileType = sourcecode.c.h; path = SBJsonParser.h; sourceTree = "<group>"; };
		3CAA0ABB19C03D1B00DA138E /* SBJsonWriter.h */ = {isa = PBXFileReference; fileEncoding = 4; lastKnownFileType = sourcecode.c.h; path = SBJsonWriter.h; sourceTree = "<group>"; };
		3CAA0ABC19C03D1B00DA138E /* EUExSlidePager-Prefix.pch */ = {isa = PBXFileReference; fileEncoding = 4; lastKnownFileType = sourcecode.c.h; name = "EUExSlidePager-Prefix.pch"; path = "EUExSlidePager/EUExSlidePager-Prefix.pch"; sourceTree = SOURCE_ROOT; };
		3CAA0ABD19C03D1B00DA138E /* EUExSlidePager.h */ = {isa = PBXFileReference; fileEncoding = 4; lastKnownFileType = sourcecode.c.h; name = EUExSlidePager.h; path = EUExSlidePager/EUExSlidePager.h; sourceTree = SOURCE_ROOT; };
		3CAA0ABE19C03D1B00DA138E /* EUExSlidePager.m */ = {isa = PBXFileReference; fileEncoding = 4; lastKnownFileType = sourcecode.c.objc; name = EUExSlidePager.m; path = EUExSlidePager/EUExSlidePager.m; sourceTree = SOURCE_ROOT; };
		3CAA0AC019C03D1B00DA138E /* BottomScrollView.h */ = {isa = PBXFileReference; fileEncoding = 4; lastKnownFileType = sourcecode.c.h; path = BottomScrollView.h; sourceTree = "<group>"; };
		3CAA0AC119C03D1B00DA138E /* BottomScrollView.m */ = {isa = PBXFileReference; fileEncoding = 4; lastKnownFileType = sourcecode.c.objc; path = BottomScrollView.m; sourceTree = "<group>"; };
		3CAA0AC219C03D1B00DA138E /* Golble.h */ = {isa = PBXFileReference; fileEncoding = 4; lastKnownFileType = sourcecode.c.h; path = Golble.h; sourceTree = "<group>"; };
		3CAA0AC319C03D1B00DA138E /* Golble.m */ = {isa = PBXFileReference; fileEncoding = 4; lastKnownFileType = sourcecode.c.objc; path = Golble.m; sourceTree = "<group>"; };
		3CAA0AC419C03D1B00DA138E /* MainScrollView.h */ = {isa = PBXFileReference; fileEncoding = 4; lastKnownFileType = sourcecode.c.h; path = MainScrollView.h; sourceTree = "<group>"; };
		3CAA0AC519C03D1B00DA138E /* MainScrollView.m */ = {isa = PBXFileReference; fileEncoding = 4; lastKnownFileType = sourcecode.c.objc; path = MainScrollView.m; sourceTree = "<group>"; };
		3CAA0AC819C03D1B00DA138E /* MyWebView.h */ = {isa = PBXFileReference; fileEncoding = 4; lastKnownFileType = sourcecode.c.h; path = MyWebView.h; sourceTree = "<group>"; };
		3CAA0AC919C03D1B00DA138E /* MyWebView.m */ = {isa = PBXFileReference; fileEncoding = 4; lastKnownFileType = sourcecode.c.objc; path = MyWebView.m; sourceTree = "<group>"; };
		3CAA0AD219C03D8500DA138E /* libsqlite3.dylib */ = {isa = PBXFileReference; lastKnownFileType = "compiled.mach-o.dylib"; name = libsqlite3.dylib; path = usr/lib/libsqlite3.dylib; sourceTree = SDKROOT; };
		3CAA0AD419C03D8A00DA138E /* libz.dylib */ = {isa = PBXFileReference; lastKnownFileType = "compiled.mach-o.dylib"; name = libz.dylib; path = usr/lib/libz.dylib; sourceTree = SDKROOT; };
		3CAA0AD619C03D9200DA138E /* SystemConfiguration.framework */ = {isa = PBXFileReference; lastKnownFileType = wrapper.framework; name = SystemConfiguration.framework; path = System/Library/Frameworks/SystemConfiguration.framework; sourceTree = SDKROOT; };
		3CAA0AD819C03D9E00DA138E /* MobileCoreServices.framework */ = {isa = PBXFileReference; lastKnownFileType = wrapper.framework; name = MobileCoreServices.framework; path = System/Library/Frameworks/MobileCoreServices.framework; sourceTree = SDKROOT; };
		3CAA0ADA19C03DA500DA138E /* CoreTelephony.framework */ = {isa = PBXFileReference; lastKnownFileType = wrapper.framework; name = CoreTelephony.framework; path = System/Library/Frameworks/CoreTelephony.framework; sourceTree = SDKROOT; };
		3CAA0ADC19C03DAC00DA138E /* MapKit.framework */ = {isa = PBXFileReference; lastKnownFileType = wrapper.framework; name = MapKit.framework; path = System/Library/Frameworks/MapKit.framework; sourceTree = SDKROOT; };
		3CAA0ADE19C03DB300DA138E /* AudioToolbox.framework */ = {isa = PBXFileReference; lastKnownFileType = wrapper.framework; name = AudioToolbox.framework; path = System/Library/Frameworks/AudioToolbox.framework; sourceTree = SDKROOT; };
		DE2C4FB31A2DB96900D5B4F2 /* libAppCanEngine_IOS.a */ = {isa = PBXFileReference; lastKnownFileType = archive.ar; name = libAppCanEngine_IOS.a; path = ../../../libAppCanEngine_IOS.a; sourceTree = "<group>"; };
/* End PBXFileReference section */

/* Begin PBXFrameworksBuildPhase section */
		3CAA0A8319C03CDB00DA138E /* Frameworks */ = {
			isa = PBXFrameworksBuildPhase;
			buildActionMask = 2147483647;
			files = (
				DE2C4FB41A2DB96900D5B4F2 /* libAppCanEngine_IOS.a in Frameworks */,
				3CAA0ADF19C03DB300DA138E /* AudioToolbox.framework in Frameworks */,
				3CAA0ADD19C03DAC00DA138E /* MapKit.framework in Frameworks */,
				3CAA0ADB19C03DA500DA138E /* CoreTelephony.framework in Frameworks */,
				3CAA0AD919C03D9E00DA138E /* MobileCoreServices.framework in Frameworks */,
				3CAA0AD719C03D9200DA138E /* SystemConfiguration.framework in Frameworks */,
				3CAA0AD519C03D8A00DA138E /* libz.dylib in Frameworks */,
				3CAA0AD319C03D8500DA138E /* libsqlite3.dylib in Frameworks */,
				3CAA0A8A19C03CDB00DA138E /* Foundation.framework in Frameworks */,
			);
			runOnlyForDeploymentPostprocessing = 0;
		};
/* End PBXFrameworksBuildPhase section */

/* Begin PBXGroup section */
		3CAA0A7D19C03CDB00DA138E = {
			isa = PBXGroup;
			children = (
				3CAA0A8B19C03CDB00DA138E /* uexSlidePager */,
				3CAA0A8819C03CDB00DA138E /* Frameworks */,
				3CAA0A8719C03CDB00DA138E /* Products */,
			);
			sourceTree = "<group>";
		};
		3CAA0A8719C03CDB00DA138E /* Products */ = {
			isa = PBXGroup;
			children = (
				3CAA0A8619C03CDB00DA138E /* uexSlidePager.dylib */,
			);
			name = Products;
			sourceTree = "<group>";
		};
		3CAA0A8819C03CDB00DA138E /* Frameworks */ = {
			isa = PBXGroup;
			children = (
				3CAA0ADE19C03DB300DA138E /* AudioToolbox.framework */,
				3CAA0ADC19C03DAC00DA138E /* MapKit.framework */,
				3CAA0ADA19C03DA500DA138E /* CoreTelephony.framework */,
				3CAA0AD819C03D9E00DA138E /* MobileCoreServices.framework */,
				3CAA0AD619C03D9200DA138E /* SystemConfiguration.framework */,
				3CAA0AD419C03D8A00DA138E /* libz.dylib */,
				3CAA0AD219C03D8500DA138E /* libsqlite3.dylib */,
				3CAA0A8919C03CDB00DA138E /* Foundation.framework */,
			);
			name = Frameworks;
			sourceTree = "<group>";
		};
		3CAA0A8B19C03CDB00DA138E /* uexSlidePager */ = {
			isa = PBXGroup;
			children = (
				3CAA0AAF19C03D1B00DA138E /* engineHeader */,
				3CAA0ABC19C03D1B00DA138E /* EUExSlidePager-Prefix.pch */,
				3CAA0ABD19C03D1B00DA138E /* EUExSlidePager.h */,
				3CAA0ABE19C03D1B00DA138E /* EUExSlidePager.m */,
				3CAA0ABF19C03D1B00DA138E /* sourceCode */,
				3CAA0A8C19C03CDB00DA138E /* Supporting Files */,
			);
			path = uexSlidePager;
			sourceTree = "<group>";
		};
		3CAA0A8C19C03CDB00DA138E /* Supporting Files */ = {
			isa = PBXGroup;
			children = (
			);
			name = "Supporting Files";
			sourceTree = "<group>";
		};
		3CAA0AAF19C03D1B00DA138E /* engineHeader */ = {
			isa = PBXGroup;
			children = (
				DE2C4FB31A2DB96900D5B4F2 /* libAppCanEngine_IOS.a */,
				3C80C0831A2DA11700A3D8B9 /* FileEncrypt.h */,
				3CAA0AB019C03D1B00DA138E /* EUExBase.h */,
				3CAA0AB119C03D1B00DA138E /* EUExBaseDefine.h */,
				3CAA0AB219C03D1B00DA138E /* EUtility.h */,
				3CAA0AB319C03D1B00DA138E /* JSON */,
			);
			name = engineHeader;
			path = EUExSlidePager/engineHeader;
			sourceTree = SOURCE_ROOT;
		};
		3CAA0AB319C03D1B00DA138E /* JSON */ = {
			isa = PBXGroup;
			children = (
				3CAA0AB419C03D1B00DA138E /* JSON.h */,
				3CAA0AB519C03D1B00DA138E /* JSONParser.h */,
				3CAA0AB619C03D1B00DA138E /* NSObject+SBJSON.h */,
				3CAA0AB719C03D1B00DA138E /* NSString+SBJSON.h */,
				3CAA0AB819C03D1B00DA138E /* SBJSON.h */,
				3CAA0AB919C03D1B00DA138E /* SBJsonBase.h */,
				3CAA0ABA19C03D1B00DA138E /* SBJsonParser.h */,
				3CAA0ABB19C03D1B00DA138E /* SBJsonWriter.h */,
			);
			path = JSON;
			sourceTree = "<group>";
		};
		3CAA0ABF19C03D1B00DA138E /* sourceCode */ = {
			isa = PBXGroup;
			children = (
				3C20F10F19C6860A00D30DC5 /* MenuView.h */,
				3C20F11019C6860A00D30DC5 /* MenuView.m */,
				3CAA0AC019C03D1B00DA138E /* BottomScrollView.h */,
				3CAA0AC119C03D1B00DA138E /* BottomScrollView.m */,
				3CAA0AC219C03D1B00DA138E /* Golble.h */,
				3CAA0AC319C03D1B00DA138E /* Golble.m */,
				3CAA0AC419C03D1B00DA138E /* MainScrollView.h */,
				3CAA0AC519C03D1B00DA138E /* MainScrollView.m */,
				3CAA0AC819C03D1B00DA138E /* MyWebView.h */,
				3CAA0AC919C03D1B00DA138E /* MyWebView.m */,
			);
			name = sourceCode;
			path = EUExSlidePager/sourceCode;
			sourceTree = SOURCE_ROOT;
		};
/* End PBXGroup section */

/* Begin PBXNativeTarget section */
		3CAA0A8519C03CDB00DA138E /* uexSlidePager */ = {
			isa = PBXNativeTarget;
			buildConfigurationList = 3CAA0AA919C03CDB00DA138E /* Build configuration list for PBXNativeTarget "uexSlidePager" */;
			buildPhases = (
				3CAA0A8219C03CDB00DA138E /* Sources */,
				3CAA0A8319C03CDB00DA138E /* Frameworks */,
				3CAA0A8419C03CDB00DA138E /* CopyFiles */,
			);
			buildRules = (
			);
			dependencies = (
			);
			name = uexSlidePager;
			productName = uexSlidePager;
			productReference = 3CAA0A8619C03CDB00DA138E /* uexSlidePager.dylib */;
			productType = "com.apple.product-type.library.dynamic";
		};
/* End PBXNativeTarget section */

/* Begin PBXProject section */
		3CAA0A7E19C03CDB00DA138E /* Project object */ = {
			isa = PBXProject;
			attributes = {
				LastUpgradeCheck = 0510;
				ORGANIZATIONNAME = com.appcan;
			};
			buildConfigurationList = 3CAA0A8119C03CDB00DA138E /* Build configuration list for PBXProject "uexSlidePager" */;
			compatibilityVersion = "Xcode 3.2";
			developmentRegion = English;
			hasScannedForEncodings = 0;
			knownRegions = (
				en,
			);
			mainGroup = 3CAA0A7D19C03CDB00DA138E;
			productRefGroup = 3CAA0A8719C03CDB00DA138E /* Products */;
			projectDirPath = "";
			projectRoot = "";
			targets = (
				3CAA0A8519C03CDB00DA138E /* uexSlidePager */,
			);
		};
/* End PBXProject section */

/* Begin PBXSourcesBuildPhase section */
		3CAA0A8219C03CDB00DA138E /* Sources */ = {
			isa = PBXSourcesBuildPhase;
			buildActionMask = 2147483647;
			files = (
				3CAA0ACC19C03D1B00DA138E /* Golble.m in Sources */,
				3CAA0ACB19C03D1B00DA138E /* BottomScrollView.m in Sources */,
				3CAA0ACD19C03D1B00DA138E /* MainScrollView.m in Sources */,
				3CAA0ACA19C03D1B00DA138E /* EUExSlidePager.m in Sources */,
				3CAA0ACF19C03D1B00DA138E /* MyWebView.m in Sources */,
				3C20F11119C6860A00D30DC5 /* MenuView.m in Sources */,
			);
			runOnlyForDeploymentPostprocessing = 0;
		};
/* End PBXSourcesBuildPhase section */

/* Begin XCBuildConfiguration section */
		3CAA0AA719C03CDB00DA138E /* Debug */ = {
			isa = XCBuildConfiguration;
			buildSettings = {
				ALWAYS_SEARCH_USER_PATHS = NO;
				CLANG_CXX_LANGUAGE_STANDARD = "gnu++0x";
				CLANG_CXX_LIBRARY = "libc++";
				CLANG_ENABLE_MODULES = YES;
				CLANG_ENABLE_OBJC_ARC = YES;
				CLANG_WARN_BOOL_CONVERSION = YES;
				CLANG_WARN_CONSTANT_CONVERSION = YES;
				CLANG_WARN_DIRECT_OBJC_ISA_USAGE = YES_ERROR;
				CLANG_WARN_EMPTY_BODY = YES;
				CLANG_WARN_ENUM_CONVERSION = YES;
				CLANG_WARN_INT_CONVERSION = YES;
				CLANG_WARN_OBJC_ROOT_CLASS = YES_ERROR;
				CLANG_WARN__DUPLICATE_METHOD_MATCH = YES;
				CODE_SIGN_IDENTITY = "iPhone Distribution: Zhengyi Wireless(Beijing) Technology Co., Ltd.";
				COPY_PHASE_STRIP = NO;
				GCC_C_LANGUAGE_STANDARD = gnu99;
				GCC_DYNAMIC_NO_PIC = NO;
				GCC_OPTIMIZATION_LEVEL = 0;
				GCC_PREPROCESSOR_DEFINITIONS = (
					"DEBUG=1",
					"$(inherited)",
				);
				GCC_SYMBOLS_PRIVATE_EXTERN = NO;
				GCC_WARN_64_TO_32_BIT_CONVERSION = YES;
				GCC_WARN_ABOUT_RETURN_TYPE = YES_ERROR;
				GCC_WARN_UNDECLARED_SELECTOR = YES;
				GCC_WARN_UNINITIALIZED_AUTOS = YES_AGGRESSIVE;
				GCC_WARN_UNUSED_FUNCTION = YES;
				GCC_WARN_UNUSED_VARIABLE = YES;
				IPHONEOS_DEPLOYMENT_TARGET = 5.0;
				ONLY_ACTIVE_ARCH = YES;
				SDKROOT = iphoneos;
				VALID_ARCHS = "armv7 armv7s";
			};
			name = Debug;
		};
		3CAA0AA819C03CDB00DA138E /* Release */ = {
			isa = XCBuildConfiguration;
			buildSettings = {
				ALWAYS_SEARCH_USER_PATHS = NO;
				CLANG_CXX_LANGUAGE_STANDARD = "gnu++0x";
				CLANG_CXX_LIBRARY = "libc++";
				CLANG_ENABLE_MODULES = YES;
				CLANG_ENABLE_OBJC_ARC = YES;
				CLANG_WARN_BOOL_CONVERSION = YES;
				CLANG_WARN_CONSTANT_CONVERSION = YES;
				CLANG_WARN_DIRECT_OBJC_ISA_USAGE = YES_ERROR;
				CLANG_WARN_EMPTY_BODY = YES;
				CLANG_WARN_ENUM_CONVERSION = YES;
				CLANG_WARN_INT_CONVERSION = YES;
				CLANG_WARN_OBJC_ROOT_CLASS = YES_ERROR;
				CLANG_WARN__DUPLICATE_METHOD_MATCH = YES;
				CODE_SIGN_IDENTITY = "iPhone Distribution: Zhengyi Wireless(Beijing) Technology Co., Ltd.";
				COPY_PHASE_STRIP = YES;
				ENABLE_NS_ASSERTIONS = NO;
				GCC_C_LANGUAGE_STANDARD = gnu99;
				GCC_WARN_64_TO_32_BIT_CONVERSION = YES;
				GCC_WARN_ABOUT_RETURN_TYPE = YES_ERROR;
				GCC_WARN_UNDECLARED_SELECTOR = YES;
				GCC_WARN_UNINITIALIZED_AUTOS = YES_AGGRESSIVE;
				GCC_WARN_UNUSED_FUNCTION = YES;
				GCC_WARN_UNUSED_VARIABLE = YES;
				IPHONEOS_DEPLOYMENT_TARGET = 5.0;
				SDKROOT = iphoneos;
				VALIDATE_PRODUCT = YES;
				VALID_ARCHS = "armv7 armv7s";
			};
			name = Release;
		};
		3CAA0AAA19C03CDB00DA138E /* Debug */ = {
			isa = XCBuildConfiguration;
			buildSettings = {
				CODE_SIGN_IDENTITY = "iPhone Developer: Wang GuoChun (GJL3LN9D59)";
				CONFIGURATION_BUILD_DIR = "$(SRCROOT)/uexSlidePager/";
				DSTROOT = /tmp/uexSlidePager.dst;
				GCC_PRECOMPILE_PREFIX_HEADER = YES;
				GCC_PREFIX_HEADER = "EUExSlidePager/EUExSlidePager-Prefix.pch";
				LIBRARY_SEARCH_PATHS = (
					"$(inherited)",
					/Users/3g2win/Documents/public0910,
					"$(PROJECT_DIR)/EUExSlidePager/engineHeader",
					/Users/huxuesen/Desktop/AppCanPlugin3.0/trunk/code/public,
				);
				OTHER_LDFLAGS = "-ObjC";
				PRODUCT_NAME = "$(TARGET_NAME)";
				SKIP_INSTALL = YES;
			};
			name = Debug;
		};
		3CAA0AAB19C03CDB00DA138E /* Release */ = {
			isa = XCBuildConfiguration;
			buildSettings = {
				CODE_SIGN_IDENTITY = "iPhone Developer: Wang GuoChun (GJL3LN9D59)";
				CONFIGURATION_BUILD_DIR = "$(SRCROOT)/uexSlidePager/";
				DSTROOT = /tmp/uexSlidePager.dst;
				GCC_PRECOMPILE_PREFIX_HEADER = YES;
				GCC_PREFIX_HEADER = "EUExSlidePager/EUExSlidePager-Prefix.pch";
				LIBRARY_SEARCH_PATHS = (
					"$(inherited)",
					/Users/3g2win/Documents/public0910,
					"$(PROJECT_DIR)/EUExSlidePager/engineHeader",
					/Users/huxuesen/Desktop/AppCanPlugin3.0/trunk/code/public,
				);
				OTHER_LDFLAGS = "-ObjC";
				PRODUCT_NAME = "$(TARGET_NAME)";
				SKIP_INSTALL = YES;
			};
			name = Release;
		};
/* End XCBuildConfiguration section */

/* Begin XCConfigurationList section */
		3CAA0A8119C03CDB00DA138E /* Build configuration list for PBXProject "uexSlidePager" */ = {
			isa = XCConfigurationList;
			buildConfigurations = (
				3CAA0AA719C03CDB00DA138E /* Debug */,
				3CAA0AA819C03CDB00DA138E /* Release */,
			);
			defaultConfigurationIsVisible = 0;
			defaultConfigurationName = Release;
		};
		3CAA0AA919C03CDB00DA138E /* Build configuration list for PBXNativeTarget "uexSlidePager" */ = {
			isa = XCConfigurationList;
			buildConfigurations = (
				3CAA0AAA19C03CDB00DA138E /* Debug */,
				3CAA0AAB19C03CDB00DA138E /* Release */,
			);
			defaultConfigurationIsVisible = 0;
			defaultConfigurationName = Release;
		};
/* End XCConfigurationList section */
	};
	rootObject = 3CAA0A7E19C03CDB00DA138E /* Project object */;
}
