// !$*UTF8*$!
{
	archiveVersion = 1;
	classes = {
	};
	objectVersion = 46;
	objects = {

/* Begin PBXBuildFile section */
		3C20F10E19C685D600D30DC5 /* MenuView.m in Sources */ = {isa = PBXBuildFile; fileRef = 3C20F10D19C685D600D30DC5 /* MenuView.m */; };
		3C7D78981994A9FA000D8179 /* Foundation.framework in Frameworks */ = {isa = PBXBuildFile; fileRef = 3C7D78971994A9FA000D8179 /* Foundation.framework */; };
		3C7D789D1994A9FA000D8179 /* EUExSlidePager.h in CopyFiles */ = {isa = PBXBuildFile; fileRef = 3C7D789C1994A9FA000D8179 /* EUExSlidePager.h */; };
		3C7D789F1994A9FA000D8179 /* EUExSlidePager.m in Sources */ = {isa = PBXBuildFile; fileRef = 3C7D789E1994A9FA000D8179 /* EUExSlidePager.m */; };
		3C7D78D51994AAC5000D8179 /* BottomScrollView.m in Sources */ = {isa = PBXBuildFile; fileRef = 3C7D78CC1994AAC5000D8179 /* BottomScrollView.m */; };
		3C7D78D61994AAC5000D8179 /* Golble.m in Sources */ = {isa = PBXBuildFile; fileRef = 3C7D78CE1994AAC5000D8179 /* Golble.m */; };
		3C7D78D71994AAC5000D8179 /* MainScrollView.m in Sources */ = {isa = PBXBuildFile; fileRef = 3C7D78D01994AAC5000D8179 /* MainScrollView.m */; };
		3C7D78DB1994ABEB000D8179 /* UIKit.framework in Frameworks */ = {isa = PBXBuildFile; fileRef = 3C7D78DA1994ABEB000D8179 /* UIKit.framework */; };
		3CAA0A7C19C0257600DA138E /* MyWebView.m in Sources */ = {isa = PBXBuildFile; fileRef = 3CAA0A7B19C0257600DA138E /* MyWebView.m */; };
/* End PBXBuildFile section */

/* Begin PBXCopyFilesBuildPhase section */
		3C7D78921994A9FA000D8179 /* CopyFiles */ = {
			isa = PBXCopyFilesBuildPhase;
			buildActionMask = 2147483647;
			dstPath = "include/$(PRODUCT_NAME)";
			dstSubfolderSpec = 16;
			files = (
				3C7D789D1994A9FA000D8179 /* EUExSlidePager.h in CopyFiles */,
			);
			runOnlyForDeploymentPostprocessing = 0;
		};
/* End PBXCopyFilesBuildPhase section */

/* Begin PBXFileReference section */
		3C20F10C19C685D600D30DC5 /* MenuView.h */ = {isa = PBXFileReference; fileEncoding = 4; lastKnownFileType = sourcecode.c.h; path = MenuView.h; sourceTree = "<group>"; };
		3C20F10D19C685D600D30DC5 /* MenuView.m */ = {isa = PBXFileReference; fileEncoding = 4; lastKnownFileType = sourcecode.c.objc; path = MenuView.m; sourceTree = "<group>"; };
		3C7D78941994A9FA000D8179 /* libuexSlidePager.a */ = {isa = PBXFileReference; explicitFileType = archive.ar; includeInIndex = 0; path = libuexSlidePager.a; sourceTree = BUILT_PRODUCTS_DIR; };
		3C7D78971994A9FA000D8179 /* Foundation.framework */ = {isa = PBXFileReference; lastKnownFileType = wrapper.framework; name = Foundation.framework; path = System/Library/Frameworks/Foundation.framework; sourceTree = SDKROOT; };
		3C7D789B1994A9FA000D8179 /* EUExSlidePager-Prefix.pch */ = {isa = PBXFileReference; lastKnownFileType = sourcecode.c.h; path = "EUExSlidePager-Prefix.pch"; sourceTree = "<group>"; };
		3C7D789C1994A9FA000D8179 /* EUExSlidePager.h */ = {isa = PBXFileReference; lastKnownFileType = sourcecode.c.h; path = EUExSlidePager.h; sourceTree = "<group>"; };
		3C7D789E1994A9FA000D8179 /* EUExSlidePager.m */ = {isa = PBXFileReference; lastKnownFileType = sourcecode.c.objc; path = EUExSlidePager.m; sourceTree = "<group>"; };
		3C7D78A51994A9FA000D8179 /* XCTest.framework */ = {isa = PBXFileReference; lastKnownFileType = wrapper.framework; name = XCTest.framework; path = Library/Frameworks/XCTest.framework; sourceTree = DEVELOPER_DIR; };
		3C7D78BE1994AABD000D8179 /* EUExBase.h */ = {isa = PBXFileReference; fileEncoding = 4; lastKnownFileType = sourcecode.c.h; path = EUExBase.h; sourceTree = "<group>"; };
		3C7D78BF1994AABD000D8179 /* EUExBaseDefine.h */ = {isa = PBXFileReference; fileEncoding = 4; lastKnownFileType = sourcecode.c.h; path = EUExBaseDefine.h; sourceTree = "<group>"; };
		3C7D78C01994AABD000D8179 /* EUtility.h */ = {isa = PBXFileReference; fileEncoding = 4; lastKnownFileType = sourcecode.c.h; path = EUtility.h; sourceTree = "<group>"; };
		3C7D78C21994AABD000D8179 /* JSON.h */ = {isa = PBXFileReference; fileEncoding = 4; lastKnownFileType = sourcecode.c.h; path = JSON.h; sourceTree = "<group>"; };
		3C7D78C31994AABD000D8179 /* JSONParser.h */ = {isa = PBXFileReference; fileEncoding = 4; lastKnownFileType = sourcecode.c.h; path = JSONParser.h; sourceTree = "<group>"; };
		3C7D78C41994AABD000D8179 /* NSObject+SBJSON.h */ = {isa = PBXFileReference; fileEncoding = 4; lastKnownFileType = sourcecode.c.h; path = "NSObject+SBJSON.h"; sourceTree = "<group>"; };
		3C7D78C51994AABD000D8179 /* NSString+SBJSON.h */ = {isa = PBXFileReference; fileEncoding = 4; lastKnownFileType = sourcecode.c.h; path = "NSString+SBJSON.h"; sourceTree = "<group>"; };
		3C7D78C61994AABD000D8179 /* SBJSON.h */ = {isa = PBXFileReference; fileEncoding = 4; lastKnownFileType = sourcecode.c.h; path = SBJSON.h; sourceTree = "<group>"; };
		3C7D78C71994AABD000D8179 /* SBJsonBase.h */ = {isa = PBXFileReference; fileEncoding = 4; lastKnownFileType = sourcecode.c.h; path = SBJsonBase.h; sourceTree = "<group>"; };
		3C7D78C81994AABD000D8179 /* SBJsonParser.h */ = {isa = PBXFileReference; fileEncoding = 4; lastKnownFileType = sourcecode.c.h; path = SBJsonParser.h; sourceTree = "<group>"; };
		3C7D78C91994AABD000D8179 /* SBJsonWriter.h */ = {isa = PBXFileReference; fileEncoding = 4; lastKnownFileType = sourcecode.c.h; path = SBJsonWriter.h; sourceTree = "<group>"; };
		3C7D78CB1994AAC5000D8179 /* BottomScrollView.h */ = {isa = PBXFileReference; fileEncoding = 4; lastKnownFileType = sourcecode.c.h; path = BottomScrollView.h; sourceTree = "<group>"; };
		3C7D78CC1994AAC5000D8179 /* BottomScrollView.m */ = {isa = PBXFileReference; fileEncoding = 4; lastKnownFileType = sourcecode.c.objc; path = BottomScrollView.m; sourceTree = "<group>"; };
		3C7D78CD1994AAC5000D8179 /* Golble.h */ = {isa = PBXFileReference; fileEncoding = 4; lastKnownFileType = sourcecode.c.h; path = Golble.h; sourceTree = "<group>"; };
		3C7D78CE1994AAC5000D8179 /* Golble.m */ = {isa = PBXFileReference; fileEncoding = 4; lastKnownFileType = sourcecode.c.objc; path = Golble.m; sourceTree = "<group>"; };
		3C7D78CF1994AAC5000D8179 /* MainScrollView.h */ = {isa = PBXFileReference; fileEncoding = 4; lastKnownFileType = sourcecode.c.h; path = MainScrollView.h; sourceTree = "<group>"; };
		3C7D78D01994AAC5000D8179 /* MainScrollView.m */ = {isa = PBXFileReference; fileEncoding = 4; lastKnownFileType = sourcecode.c.objc; path = MainScrollView.m; sourceTree = "<group>"; };
		3C7D78DA1994ABEB000D8179 /* UIKit.framework */ = {isa = PBXFileReference; lastKnownFileType = wrapper.framework; name = UIKit.framework; path = System/Library/Frameworks/UIKit.framework; sourceTree = SDKROOT; };
		3C80C0821A2DA07100A3D8B9 /* FileEncrypt.h */ = {isa = PBXFileReference; fileEncoding = 4; lastKnownFileType = sourcecode.c.h; path = FileEncrypt.h; sourceTree = "<group>"; };
		3CAA0A7A19C0257600DA138E /* MyWebView.h */ = {isa = PBXFileReference; fileEncoding = 4; lastKnownFileType = sourcecode.c.h; path = MyWebView.h; sourceTree = "<group>"; };
		3CAA0A7B19C0257600DA138E /* MyWebView.m */ = {isa = PBXFileReference; fileEncoding = 4; lastKnownFileType = sourcecode.c.objc; path = MyWebView.m; sourceTree = "<group>"; };
/* End PBXFileReference section */

/* Begin PBXFrameworksBuildPhase section */
		3C7D78911994A9FA000D8179 /* Frameworks */ = {
			isa = PBXFrameworksBuildPhase;
			buildActionMask = 2147483647;
			files = (
				3C7D78DB1994ABEB000D8179 /* UIKit.framework in Frameworks */,
				3C7D78981994A9FA000D8179 /* Foundation.framework in Frameworks */,
			);
			runOnlyForDeploymentPostprocessing = 0;
		};
/* End PBXFrameworksBuildPhase section */

/* Begin PBXGroup section */
		3C7D788B1994A9FA000D8179 = {
			isa = PBXGroup;
			children = (
				3C7D78991994A9FA000D8179 /* EUExSlidePager */,
				3C7D78961994A9FA000D8179 /* Frameworks */,
				3C7D78951994A9FA000D8179 /* Products */,
			);
			sourceTree = "<group>";
		};
		3C7D78951994A9FA000D8179 /* Products */ = {
			isa = PBXGroup;
			children = (
				3C7D78941994A9FA000D8179 /* libuexSlidePager.a */,
			);
			name = Products;
			sourceTree = "<group>";
		};
		3C7D78961994A9FA000D8179 /* Frameworks */ = {
			isa = PBXGroup;
			children = (
				3C7D78DA1994ABEB000D8179 /* UIKit.framework */,
				3C7D78971994A9FA000D8179 /* Foundation.framework */,
				3C7D78A51994A9FA000D8179 /* XCTest.framework */,
			);
			name = Frameworks;
			sourceTree = "<group>";
		};
		3C7D78991994A9FA000D8179 /* EUExSlidePager */ = {
			isa = PBXGroup;
			children = (
				3C7D78BD1994AABD000D8179 /* engineHeader */,
				3C7D789C1994A9FA000D8179 /* EUExSlidePager.h */,
				3C7D789E1994A9FA000D8179 /* EUExSlidePager.m */,
				3C7D78CA1994AAC5000D8179 /* sourceCode */,
				3C7D789A1994A9FA000D8179 /* Supporting Files */,
			);
			path = EUExSlidePager;
			sourceTree = "<group>";
		};
		3C7D789A1994A9FA000D8179 /* Supporting Files */ = {
			isa = PBXGroup;
			children = (
				3C7D789B1994A9FA000D8179 /* EUExSlidePager-Prefix.pch */,
			);
			name = "Supporting Files";
			sourceTree = "<group>";
		};
		3C7D78BD1994AABD000D8179 /* engineHeader */ = {
			isa = PBXGroup;
			children = (
				3C80C0821A2DA07100A3D8B9 /* FileEncrypt.h */,
				3C7D78BE1994AABD000D8179 /* EUExBase.h */,
				3C7D78BF1994AABD000D8179 /* EUExBaseDefine.h */,
				3C7D78C01994AABD000D8179 /* EUtility.h */,
				3C7D78C11994AABD000D8179 /* JSON */,
			);
			path = engineHeader;
			sourceTree = "<group>";
		};
		3C7D78C11994AABD000D8179 /* JSON */ = {
			isa = PBXGroup;
			children = (
				3C7D78C21994AABD000D8179 /* JSON.h */,
				3C7D78C31994AABD000D8179 /* JSONParser.h */,
				3C7D78C41994AABD000D8179 /* NSObject+SBJSON.h */,
				3C7D78C51994AABD000D8179 /* NSString+SBJSON.h */,
				3C7D78C61994AABD000D8179 /* SBJSON.h */,
				3C7D78C71994AABD000D8179 /* SBJsonBase.h */,
				3C7D78C81994AABD000D8179 /* SBJsonParser.h */,
				3C7D78C91994AABD000D8179 /* SBJsonWriter.h */,
			);
			path = JSON;
			sourceTree = "<group>";
		};
		3C7D78CA1994AAC5000D8179 /* sourceCode */ = {
			isa = PBXGroup;
			children = (
				3C20F10C19C685D600D30DC5 /* MenuView.h */,
				3C20F10D19C685D600D30DC5 /* MenuView.m */,
				3C7D78CB1994AAC5000D8179 /* BottomScrollView.h */,
				3C7D78CC1994AAC5000D8179 /* BottomScrollView.m */,
				3C7D78CD1994AAC5000D8179 /* Golble.h */,
				3C7D78CE1994AAC5000D8179 /* Golble.m */,
				3C7D78CF1994AAC5000D8179 /* MainScrollView.h */,
				3C7D78D01994AAC5000D8179 /* MainScrollView.m */,
				3CAA0A7A19C0257600DA138E /* MyWebView.h */,
				3CAA0A7B19C0257600DA138E /* MyWebView.m */,
			);
			path = sourceCode;
			sourceTree = "<group>";
		};
/* End PBXGroup section */

/* Begin PBXNativeTarget section */
		3C7D78931994A9FA000D8179 /* EUExSlidePager */ = {
			isa = PBXNativeTarget;
			buildConfigurationList = 3C7D78B71994A9FB000D8179 /* Build configuration list for PBXNativeTarget "EUExSlidePager" */;
			buildPhases = (
				3C7D78901994A9FA000D8179 /* Sources */,
				3C7D78911994A9FA000D8179 /* Frameworks */,
				3C7D78921994A9FA000D8179 /* CopyFiles */,
			);
			buildRules = (
			);
			dependencies = (
			);
			name = EUExSlidePager;
			productName = EUExSlidePager;
			productReference = 3C7D78941994A9FA000D8179 /* libuexSlidePager.a */;
			productType = "com.apple.product-type.library.static";
		};
/* End PBXNativeTarget section */

/* Begin PBXProject section */
		3C7D788C1994A9FA000D8179 /* Project object */ = {
			isa = PBXProject;
			attributes = {
				LastUpgradeCheck = 0510;
				ORGANIZATIONNAME = com.appcan;
			};
			buildConfigurationList = 3C7D788F1994A9FA000D8179 /* Build configuration list for PBXProject "EUExSlidePager" */;
			compatibilityVersion = "Xcode 3.2";
			developmentRegion = English;
			hasScannedForEncodings = 0;
			knownRegions = (
				en,
			);
			mainGroup = 3C7D788B1994A9FA000D8179;
			productRefGroup = 3C7D78951994A9FA000D8179 /* Products */;
			projectDirPath = "";
			projectRoot = "";
			targets = (
				3C7D78931994A9FA000D8179 /* EUExSlidePager */,
			);
		};
/* End PBXProject section */

/* Begin PBXSourcesBuildPhase section */
		3C7D78901994A9FA000D8179 /* Sources */ = {
			isa = PBXSourcesBuildPhase;
			buildActionMask = 2147483647;
			files = (
				3C7D78D61994AAC5000D8179 /* Golble.m in Sources */,
				3C7D78D51994AAC5000D8179 /* BottomScrollView.m in Sources */,
				3C7D78D71994AAC5000D8179 /* MainScrollView.m in Sources */,
				3C7D789F1994A9FA000D8179 /* EUExSlidePager.m in Sources */,
				3CAA0A7C19C0257600DA138E /* MyWebView.m in Sources */,
				3C20F10E19C685D600D30DC5 /* MenuView.m in Sources */,
			);
			runOnlyForDeploymentPostprocessing = 0;
		};
/* End PBXSourcesBuildPhase section */

/* Begin XCBuildConfiguration section */
		3C7D78B51994A9FB000D8179 /* Debug */ = {
			isa = XCBuildConfiguration;
			buildSettings = {
				ALWAYS_SEARCH_USER_PATHS = NO;
				CLANG_CXX_LANGUAGE_STANDARD = "gnu++0x";
				CLANG_CXX_LIBRARY = "libc++";
				CLANG_ENABLE_MODULES = YES;
				CLANG_ENABLE_OBJC_ARC = YES;
				CLANG_WARN_BOOL_CONVERSION = YES;
				CLANG_WARN_CONSTANT_CONVERSION = YES;
				CLANG_WARN_DIRECT_OBJC_ISA_USAGE = YES_ERROR;
				CLANG_WARN_EMPTY_BODY = YES;
				CLANG_WARN_ENUM_CONVERSION = YES;
				CLANG_WARN_INT_CONVERSION = YES;
				CLANG_WARN_OBJC_ROOT_CLASS = YES_ERROR;
				CLANG_WARN__DUPLICATE_METHOD_MATCH = YES;
				COPY_PHASE_STRIP = NO;
				GCC_C_LANGUAGE_STANDARD = gnu99;
				GCC_DYNAMIC_NO_PIC = NO;
				GCC_OPTIMIZATION_LEVEL = 0;
				GCC_PREPROCESSOR_DEFINITIONS = (
					"DEBUG=1",
					"$(inherited)",
				);
				GCC_SYMBOLS_PRIVATE_EXTERN = NO;
				GCC_WARN_64_TO_32_BIT_CONVERSION = YES;
				GCC_WARN_ABOUT_RETURN_TYPE = YES_ERROR;
				GCC_WARN_UNDECLARED_SELECTOR = YES;
				GCC_WARN_UNINITIALIZED_AUTOS = YES_AGGRESSIVE;
				GCC_WARN_UNUSED_FUNCTION = YES;
				GCC_WARN_UNUSED_VARIABLE = YES;
				IPHONEOS_DEPLOYMENT_TARGET = 5.0;
				ONLY_ACTIVE_ARCH = YES;
				SDKROOT = iphoneos;
			};
			name = Debug;
		};
		3C7D78B61994A9FB000D8179 /* Release */ = {
			isa = XCBuildConfiguration;
			buildSettings = {
				ALWAYS_SEARCH_USER_PATHS = NO;
				CLANG_CXX_LANGUAGE_STANDARD = "gnu++0x";
				CLANG_CXX_LIBRARY = "libc++";
				CLANG_ENABLE_MODULES = YES;
				CLANG_ENABLE_OBJC_ARC = YES;
				CLANG_WARN_BOOL_CONVERSION = YES;
				CLANG_WARN_CONSTANT_CONVERSION = YES;
				CLANG_WARN_DIRECT_OBJC_ISA_USAGE = YES_ERROR;
				CLANG_WARN_EMPTY_BODY = YES;
				CLANG_WARN_ENUM_CONVERSION = YES;
				CLANG_WARN_INT_CONVERSION = YES;
				CLANG_WARN_OBJC_ROOT_CLASS = YES_ERROR;
				CLANG_WARN__DUPLICATE_METHOD_MATCH = YES;
				COPY_PHASE_STRIP = YES;
				ENABLE_NS_ASSERTIONS = NO;
				GCC_C_LANGUAGE_STANDARD = gnu99;
				GCC_WARN_64_TO_32_BIT_CONVERSION = YES;
				GCC_WARN_ABOUT_RETURN_TYPE = YES_ERROR;
				GCC_WARN_UNDECLARED_SELECTOR = YES;
				GCC_WARN_UNINITIALIZED_AUTOS = YES_AGGRESSIVE;
				GCC_WARN_UNUSED_FUNCTION = YES;
				GCC_WARN_UNUSED_VARIABLE = YES;
				IPHONEOS_DEPLOYMENT_TARGET = 5.0;
				SDKROOT = iphoneos;
				VALIDATE_PRODUCT = YES;
			};
			name = Release;
		};
		3C7D78B81994A9FB000D8179 /* Debug */ = {
			isa = XCBuildConfiguration;
			buildSettings = {
				CONFIGURATION_BUILD_DIR = "$(SRCROOT)/uexSlidePager/";
				DSTROOT = /tmp/EUExSlidePager.dst;
				GCC_PRECOMPILE_PREFIX_HEADER = YES;
				GCC_PREFIX_HEADER = "EUExSlidePager/EUExSlidePager-Prefix.pch";
				OTHER_LDFLAGS = "-ObjC";
				PRODUCT_NAME = uexSlidePager;
				SKIP_INSTALL = YES;
			};
			name = Debug;
		};
		3C7D78B91994A9FB000D8179 /* Release */ = {
			isa = XCBuildConfiguration;
			buildSettings = {
				CONFIGURATION_BUILD_DIR = "$(SRCROOT)/uexSlidePager/";
				DSTROOT = /tmp/EUExSlidePager.dst;
				GCC_PRECOMPILE_PREFIX_HEADER = YES;
				GCC_PREFIX_HEADER = "EUExSlidePager/EUExSlidePager-Prefix.pch";
				OTHER_LDFLAGS = "-ObjC";
				PRODUCT_NAME = uexSlidePager;
				SKIP_INSTALL = YES;
			};
			name = Release;
		};
/* End XCBuildConfiguration section */

/* Begin XCConfigurationList section */
		3C7D788F1994A9FA000D8179 /* Build configuration list for PBXProject "EUExSlidePager" */ = {
			isa = XCConfigurationList;
			buildConfigurations = (
				3C7D78B51994A9FB000D8179 /* Debug */,
				3C7D78B61994A9FB000D8179 /* Release */,
			);
			defaultConfigurationIsVisible = 0;
			defaultConfigurationName = Release;
		};
		3C7D78B71994A9FB000D8179 /* Build configuration list for PBXNativeTarget "EUExSlidePager" */ = {
			isa = XCConfigurationList;
			buildConfigurations = (
				3C7D78B81994A9FB000D8179 /* Debug */,
				3C7D78B91994A9FB000D8179 /* Release */,
			);
			defaultConfigurationIsVisible = 0;
			defaultConfigurationName = Release;
		};
/* End XCConfigurationList section */
	};
	rootObject = 3C7D788C1994A9FA000D8179 /* Project object */;
}
